Microsoft Visual Studio Solution File, Format Version 8.00
Project("{8BC9CEB8-8B4A-11D0-8D11-00A0C91BC942}") = "SqStack", "SqStack.vcproj", "{9D9D1396-AFFA-4519-B6F4-2CC6FDE61E6B}"
	ProjectSection(ProjectDependencies) = postProject
	EndProjectSection
EndProject
Global
	GlobalSection(SolutionConfiguration) = preSolution
		Debug = Debug
		Release = Release
	EndGlobalSection
	GlobalSection(ProjectConfiguration) = postSolution
		{9D9D1396-AFFA-4519-B6F4-2CC6FDE61E6B}.Debug.ActiveCfg = Debug|Win32
		{9D9D1396-AFFA-4519-B6F4-2CC6FDE61E6B}.Debug.Build.0 = Debug|Win32
		{9D9D1396-AFFA-4519-B6F4-2CC6FDE61E6B}.Release.ActiveCfg = Release|Win32
		{9D9D1396-AFFA-4519-B6F4-2CC6FDE61E6B}.Release.Build.0 = Release|Win32
	EndGlobalSection
	GlobalSection(ExtensibilityGlobals) = postSolution
	EndGlobalSection
	GlobalSection(ExtensibilityAddIns) = postSolution
	EndGlobalSection
EndGlobal
