
Microsoft Visual Studio Solution File, Format Version 11.00
# Visual Studio 2010
Project("{8BC9CEB8-8B4A-11D0-8D11-00A0C91BC942}") = "服务器端", "套接字连接实验\套接字连接实验.vcxproj", "{B68F18C3-0BCC-4C27-83A2-63964062B6D5}"
EndProject
Global
	GlobalSection(SolutionConfigurationPlatforms) = preSolution
		Debug|Win32 = Debug|Win32
		Release|Win32 = Release|Win32
	EndGlobalSection
	GlobalSection(ProjectConfigurationPlatforms) = postSolution
		{B68F18C3-0BCC-4C27-83A2-63964062B6D5}.Debug|Win32.ActiveCfg = Debug|Win32
		{B68F18C3-0BCC-4C27-83A2-63964062B6D5}.Debug|Win32.Build.0 = Debug|Win32
		{B68F18C3-0BCC-4C27-83A2-63964062B6D5}.Release|Win32.ActiveCfg = Release|Win32
		{B68F18C3-0BCC-4C27-83A2-63964062B6D5}.Release|Win32.Build.0 = Release|Win32
	EndGlobalSection
	GlobalSection(SolutionProperties) = preSolution
		HideSolutionNode = FALSE
	EndGlobalSection
EndGlobal
